
Microsoft Visual Studio Solution File, Format Version 12.00
# Visual Studio 14
VisualStudioVersion = 14.0.25123.0
MinimumVisualStudioVersion = 10.0.40219.1
Project("{8BC9CEB8-8B4A-11D0-8D11-00A0C91BC942}") = "Borderless", "Borderless\Borderless.vcxproj", "{B12702AD-ABFB-343A-A199-8E24837244A3}"
	ProjectSection(ProjectDependencies) = postProject
		{27EE8D4B-AD52-4888-A793-21C589739AB7} = {27EE8D4B-AD52-4888-A793-21C589739AB7}
		{886936B8-F314-4A7A-915A-C1138AF46B83} = {886936B8-F314-4A7A-915A-C1138AF46B83}
		{80D643C5-A28D-441E-9404-8ADF6FAF7FBF} = {80D643C5-A28D-441E-9404-8ADF6FAF7FBF}
	EndProjectSection
EndProject
Project("{8BC9CEB8-8B4A-11D0-8D11-00A0C91BC942}") = "LAS", "serialization\LAS\LAS.vcxproj", "{886936B8-F314-4A7A-915A-C1138AF46B83}"
EndProject
Project("{8BC9CEB8-8B4A-11D0-8D11-00A0C91BC942}") = "luajit", "luajit\luajit.vcxproj", "{068B1B0F-54A0-4818-926F-B35A72F71BDE}"
EndProject
Project("{2150E333-8FDC-42A3-9474-1A3956D46DE8}") = "Lua", "Lua", "{D79D789A-1522-4F52-B3BF-6EAFE1599CEC}"
EndProject
Project("{8BC9CEB8-8B4A-11D0-8D11-00A0C91BC942}") = "LuaInterpreter", "LuaInterpreter\LuaInterpreter.vcxproj", "{27EE8D4B-AD52-4888-A793-21C589739AB7}"
	ProjectSection(ProjectDependencies) = postProject
		{068B1B0F-54A0-4818-926F-B35A72F71BDE} = {068B1B0F-54A0-4818-926F-B35A72F71BDE}
	EndProjectSection
EndProject
Project("{2150E333-8FDC-42A3-9474-1A3956D46DE8}") = "Interpreters", "Interpreters", "{7AE2B9D8-5D7F-48C6-9A30-1A68BB46C581}"
EndProject
Project("{2150E333-8FDC-42A3-9474-1A3956D46DE8}") = "Cpp", "Cpp", "{AD2FEDF6-80CE-4BFA-8FDB-89DCE507826A}"
EndProject
Project("{8BC9CEB8-8B4A-11D0-8D11-00A0C91BC942}") = "CppInterpreter", "CppInterpreter\CppInterpreter.vcxproj", "{80D643C5-A28D-441E-9404-8ADF6FAF7FBF}"
EndProject
Global
	GlobalSection(SolutionConfigurationPlatforms) = preSolution
		Debug|Win32 = Debug|Win32
		Debug|x64 = Debug|x64
		DebugRelease|Win32 = DebugRelease|Win32
		DebugRelease|x64 = DebugRelease|x64
		Release|Win32 = Release|Win32
		Release|x64 = Release|x64
	EndGlobalSection
	GlobalSection(ProjectConfigurationPlatforms) = postSolution
		{B12702AD-ABFB-343A-A199-8E24837244A3}.Debug|Win32.ActiveCfg = Debug|Win32
		{B12702AD-ABFB-343A-A199-8E24837244A3}.Debug|Win32.Build.0 = Debug|Win32
		{B12702AD-ABFB-343A-A199-8E24837244A3}.Debug|x64.ActiveCfg = Debug|x64
		{B12702AD-ABFB-343A-A199-8E24837244A3}.Debug|x64.Build.0 = Debug|x64
		{B12702AD-ABFB-343A-A199-8E24837244A3}.DebugRelease|Win32.ActiveCfg = DebugRelease|Win32
		{B12702AD-ABFB-343A-A199-8E24837244A3}.DebugRelease|Win32.Build.0 = DebugRelease|Win32
		{B12702AD-ABFB-343A-A199-8E24837244A3}.DebugRelease|x64.ActiveCfg = DebugRelease|x64
		{B12702AD-ABFB-343A-A199-8E24837244A3}.DebugRelease|x64.Build.0 = DebugRelease|x64
		{B12702AD-ABFB-343A-A199-8E24837244A3}.Release|Win32.ActiveCfg = Release|Win32
		{B12702AD-ABFB-343A-A199-8E24837244A3}.Release|Win32.Build.0 = Release|Win32
		{B12702AD-ABFB-343A-A199-8E24837244A3}.Release|x64.ActiveCfg = Release|x64
		{B12702AD-ABFB-343A-A199-8E24837244A3}.Release|x64.Build.0 = Release|x64
		{886936B8-F314-4A7A-915A-C1138AF46B83}.Debug|Win32.ActiveCfg = Release|Win32
		{886936B8-F314-4A7A-915A-C1138AF46B83}.Debug|Win32.Build.0 = Release|Win32
		{886936B8-F314-4A7A-915A-C1138AF46B83}.Debug|x64.ActiveCfg = Release|Win32
		{886936B8-F314-4A7A-915A-C1138AF46B83}.Debug|x64.Build.0 = Release|Win32
		{886936B8-F314-4A7A-915A-C1138AF46B83}.DebugRelease|Win32.ActiveCfg = Release|Win32
		{886936B8-F314-4A7A-915A-C1138AF46B83}.DebugRelease|Win32.Build.0 = Release|Win32
		{886936B8-F314-4A7A-915A-C1138AF46B83}.DebugRelease|x64.ActiveCfg = Release|Win32
		{886936B8-F314-4A7A-915A-C1138AF46B83}.DebugRelease|x64.Build.0 = Release|Win32
		{886936B8-F314-4A7A-915A-C1138AF46B83}.Release|Win32.ActiveCfg = Release|Win32
		{886936B8-F314-4A7A-915A-C1138AF46B83}.Release|Win32.Build.0 = Release|Win32
		{886936B8-F314-4A7A-915A-C1138AF46B83}.Release|x64.ActiveCfg = Release|Win32
		{886936B8-F314-4A7A-915A-C1138AF46B83}.Release|x64.Build.0 = Release|Win32
		{068B1B0F-54A0-4818-926F-B35A72F71BDE}.Debug|Win32.ActiveCfg = Debug|Win32
		{068B1B0F-54A0-4818-926F-B35A72F71BDE}.Debug|Win32.Build.0 = Debug|Win32
		{068B1B0F-54A0-4818-926F-B35A72F71BDE}.Debug|x64.ActiveCfg = Debug|x64
		{068B1B0F-54A0-4818-926F-B35A72F71BDE}.Debug|x64.Build.0 = Debug|x64
		{068B1B0F-54A0-4818-926F-B35A72F71BDE}.DebugRelease|Win32.ActiveCfg = Release|Win32
		{068B1B0F-54A0-4818-926F-B35A72F71BDE}.DebugRelease|Win32.Build.0 = Release|Win32
		{068B1B0F-54A0-4818-926F-B35A72F71BDE}.DebugRelease|x64.ActiveCfg = Release|x64
		{068B1B0F-54A0-4818-926F-B35A72F71BDE}.DebugRelease|x64.Build.0 = Release|x64
		{068B1B0F-54A0-4818-926F-B35A72F71BDE}.Release|Win32.ActiveCfg = Release|Win32
		{068B1B0F-54A0-4818-926F-B35A72F71BDE}.Release|Win32.Build.0 = Release|Win32
		{068B1B0F-54A0-4818-926F-B35A72F71BDE}.Release|x64.ActiveCfg = Release|x64
		{068B1B0F-54A0-4818-926F-B35A72F71BDE}.Release|x64.Build.0 = Release|x64
		{27EE8D4B-AD52-4888-A793-21C589739AB7}.Debug|Win32.ActiveCfg = Debug|Win32
		{27EE8D4B-AD52-4888-A793-21C589739AB7}.Debug|Win32.Build.0 = Debug|Win32
		{27EE8D4B-AD52-4888-A793-21C589739AB7}.Debug|x64.ActiveCfg = Debug|x64
		{27EE8D4B-AD52-4888-A793-21C589739AB7}.Debug|x64.Build.0 = Debug|x64
		{27EE8D4B-AD52-4888-A793-21C589739AB7}.DebugRelease|Win32.ActiveCfg = Release|Win32
		{27EE8D4B-AD52-4888-A793-21C589739AB7}.DebugRelease|Win32.Build.0 = Release|Win32
		{27EE8D4B-AD52-4888-A793-21C589739AB7}.DebugRelease|x64.ActiveCfg = Release|x64
		{27EE8D4B-AD52-4888-A793-21C589739AB7}.DebugRelease|x64.Build.0 = Release|x64
		{27EE8D4B-AD52-4888-A793-21C589739AB7}.Release|Win32.ActiveCfg = Release|Win32
		{27EE8D4B-AD52-4888-A793-21C589739AB7}.Release|Win32.Build.0 = Release|Win32
		{27EE8D4B-AD52-4888-A793-21C589739AB7}.Release|x64.ActiveCfg = Release|x64
		{27EE8D4B-AD52-4888-A793-21C589739AB7}.Release|x64.Build.0 = Release|x64
		{80D643C5-A28D-441E-9404-8ADF6FAF7FBF}.Debug|Win32.ActiveCfg = Debug|Win32
		{80D643C5-A28D-441E-9404-8ADF6FAF7FBF}.Debug|Win32.Build.0 = Debug|Win32
		{80D643C5-A28D-441E-9404-8ADF6FAF7FBF}.Debug|x64.ActiveCfg = Debug|x64
		{80D643C5-A28D-441E-9404-8ADF6FAF7FBF}.Debug|x64.Build.0 = Debug|x64
		{80D643C5-A28D-441E-9404-8ADF6FAF7FBF}.DebugRelease|Win32.ActiveCfg = Release|Win32
		{80D643C5-A28D-441E-9404-8ADF6FAF7FBF}.DebugRelease|Win32.Build.0 = Release|Win32
		{80D643C5-A28D-441E-9404-8ADF6FAF7FBF}.DebugRelease|x64.ActiveCfg = Release|x64
		{80D643C5-A28D-441E-9404-8ADF6FAF7FBF}.DebugRelease|x64.Build.0 = Release|x64
		{80D643C5-A28D-441E-9404-8ADF6FAF7FBF}.Release|Win32.ActiveCfg = Release|Win32
		{80D643C5-A28D-441E-9404-8ADF6FAF7FBF}.Release|Win32.Build.0 = Release|Win32
		{80D643C5-A28D-441E-9404-8ADF6FAF7FBF}.Release|x64.ActiveCfg = Release|x64
		{80D643C5-A28D-441E-9404-8ADF6FAF7FBF}.Release|x64.Build.0 = Release|x64
	EndGlobalSection
	GlobalSection(SolutionProperties) = preSolution
		HideSolutionNode = FALSE
	EndGlobalSection
	GlobalSection(NestedProjects) = preSolution
		{068B1B0F-54A0-4818-926F-B35A72F71BDE} = {D79D789A-1522-4F52-B3BF-6EAFE1599CEC}
		{D79D789A-1522-4F52-B3BF-6EAFE1599CEC} = {7AE2B9D8-5D7F-48C6-9A30-1A68BB46C581}
		{27EE8D4B-AD52-4888-A793-21C589739AB7} = {D79D789A-1522-4F52-B3BF-6EAFE1599CEC}
		{AD2FEDF6-80CE-4BFA-8FDB-89DCE507826A} = {7AE2B9D8-5D7F-48C6-9A30-1A68BB46C581}
		{80D643C5-A28D-441E-9404-8ADF6FAF7FBF} = {AD2FEDF6-80CE-4BFA-8FDB-89DCE507826A}
	EndGlobalSection
EndGlobal
